
Microsoft Visual Studio Solution File, Format Version 12.00
# Visual Studio Version 17
VisualStudioVersion = 17.9.34723.18
MinimumVisualStudioVersion = 10.0.40219.1
Project("{8BC9CEB8-8B4A-11D0-8D11-00A0C91BC942}") = "VulnerableProgram", "VulnerableProgram\VulnerableProgram.vcxproj", "{A6B3EF44-DA59-4604-8C9C-708B811C30AC}"
EndProject
Project("{8BC9CEB8-8B4A-11D0-8D11-00A0C91BC942}") = "AttackerDLL", "AttackerDLL\AttackerDLL.vcxproj", "{1CDECBC1-8687-42C7-96D3-06E5C95AD6CD}"
EndProject
Project("{8BC9CEB8-8B4A-11D0-8D11-00A0C91BC942}") = "HijackingDetector", "HijackingDetector\HijackingDetector.vcxproj", "{305D7DBA-02F5-4DBC-A7A4-7B6334B61775}"
EndProject
Global
	GlobalSection(SolutionConfigurationPlatforms) = preSolution
		Debug|x64 = Debug|x64
		Debug|x86 = Debug|x86
		Release|x64 = Release|x64
		Release|x86 = Release|x86
	EndGlobalSection
	GlobalSection(ProjectConfigurationPlatforms) = postSolution
		{A6B3EF44-DA59-4604-8C9C-708B811C30AC}.Debug|x64.ActiveCfg = Debug|x64
		{A6B3EF44-DA59-4604-8C9C-708B811C30AC}.Debug|x64.Build.0 = Debug|x64
		{A6B3EF44-DA59-4604-8C9C-708B811C30AC}.Debug|x86.ActiveCfg = Debug|Win32
		{A6B3EF44-DA59-4604-8C9C-708B811C30AC}.Debug|x86.Build.0 = Debug|Win32
		{A6B3EF44-DA59-4604-8C9C-708B811C30AC}.Release|x64.ActiveCfg = Release|x64
		{A6B3EF44-DA59-4604-8C9C-708B811C30AC}.Release|x64.Build.0 = Release|x64
		{A6B3EF44-DA59-4604-8C9C-708B811C30AC}.Release|x86.ActiveCfg = Release|Win32
		{A6B3EF44-DA59-4604-8C9C-708B811C30AC}.Release|x86.Build.0 = Release|Win32
		{1CDECBC1-8687-42C7-96D3-06E5C95AD6CD}.Debug|x64.ActiveCfg = Debug|x64
		{1CDECBC1-8687-42C7-96D3-06E5C95AD6CD}.Debug|x64.Build.0 = Debug|x64
		{1CDECBC1-8687-42C7-96D3-06E5C95AD6CD}.Debug|x86.ActiveCfg = Debug|Win32
		{1CDECBC1-8687-42C7-96D3-06E5C95AD6CD}.Debug|x86.Build.0 = Debug|Win32
		{1CDECBC1-8687-42C7-96D3-06E5C95AD6CD}.Release|x64.ActiveCfg = Release|x64
		{1CDECBC1-8687-42C7-96D3-06E5C95AD6CD}.Release|x64.Build.0 = Release|x64
		{1CDECBC1-8687-42C7-96D3-06E5C95AD6CD}.Release|x86.ActiveCfg = Release|Win32
		{1CDECBC1-8687-42C7-96D3-06E5C95AD6CD}.Release|x86.Build.0 = Release|Win32
		{305D7DBA-02F5-4DBC-A7A4-7B6334B61775}.Debug|x64.ActiveCfg = Debug|x64
		{305D7DBA-02F5-4DBC-A7A4-7B6334B61775}.Debug|x64.Build.0 = Debug|x64
		{305D7DBA-02F5-4DBC-A7A4-7B6334B61775}.Debug|x86.ActiveCfg = Debug|Win32
		{305D7DBA-02F5-4DBC-A7A4-7B6334B61775}.Debug|x86.Build.0 = Debug|Win32
		{305D7DBA-02F5-4DBC-A7A4-7B6334B61775}.Release|x64.ActiveCfg = Release|x64
		{305D7DBA-02F5-4DBC-A7A4-7B6334B61775}.Release|x64.Build.0 = Release|x64
		{305D7DBA-02F5-4DBC-A7A4-7B6334B61775}.Release|x86.ActiveCfg = Release|Win32
		{305D7DBA-02F5-4DBC-A7A4-7B6334B61775}.Release|x86.Build.0 = Release|Win32
	EndGlobalSection
	GlobalSection(SolutionProperties) = preSolution
		HideSolutionNode = FALSE
	EndGlobalSection
	GlobalSection(ExtensibilityGlobals) = postSolution
		SolutionGuid = {729E75C6-A73D-4CDD-BC7A-C2A4C4ECCABC}
	EndGlobalSection
EndGlobal
